
Microsoft Visual Studio Solution File, Format Version 12.00
# Visual Studio Version 17
VisualStudioVersion = 17.1.32228.430
MinimumVisualStudioVersion = 10.0.40219.1
Project("{8BC9CEB8-8B4A-11D0-8D11-00A0C91BC942}") = "CheatLoaderV1", "CheatLoaderV1.vcxproj", "{E9A0DD73-9EE1-462B-863F-6C0099D510BA}"
EndProject
Global
	GlobalSection(SolutionConfigurationPlatforms) = preSolution
		Debug|x64 = Debug|x64
		Debug|x86 = Debug|x86
		Release|x64 = Release|x64
		Release|x86 = Release|x86
	EndGlobalSection
	GlobalSection(ProjectConfigurationPlatforms) = postSolution
		{E9A0DD73-9EE1-462B-863F-6C0099D510BA}.Debug|x64.ActiveCfg = Debug|x64
		{E9A0DD73-9EE1-462B-863F-6C0099D510BA}.Debug|x64.Build.0 = Debug|x64
		{E9A0DD73-9EE1-462B-863F-6C0099D510BA}.Debug|x86.ActiveCfg = Debug|Win32
		{E9A0DD73-9EE1-462B-863F-6C0099D510BA}.Debug|x86.Build.0 = Debug|Win32
		{E9A0DD73-9EE1-462B-863F-6C0099D510BA}.Release|x64.ActiveCfg = Release|x64
		{E9A0DD73-9EE1-462B-863F-6C0099D510BA}.Release|x64.Build.0 = Release|x64
		{E9A0DD73-9EE1-462B-863F-6C0099D510BA}.Release|x86.ActiveCfg = Release|Win32
		{E9A0DD73-9EE1-462B-863F-6C0099D510BA}.Release|x86.Build.0 = Release|Win32
	EndGlobalSection
	GlobalSection(SolutionProperties) = preSolution
		HideSolutionNode = FALSE
	EndGlobalSection
	GlobalSection(ExtensibilityGlobals) = postSolution
		SolutionGuid = {7A9E9829-CAC8-4C7B-850B-1F0D624C8169}
	EndGlobalSection
EndGlobal
