
Microsoft Visual Studio Solution File, Format Version 12.00
# Visual Studio Version 17
VisualStudioVersion = 17.1.32319.34
MinimumVisualStudioVersion = 10.0.40219.1
Project("{8BC9CEB8-8B4A-11D0-8D11-00A0C91BC942}") = "ConsoleLoader", "ConsoleLoader.vcxproj", "{37BC4162-6167-410A-9E11-FB7BE0216C16}"
EndProject
Global
	GlobalSection(SolutionConfigurationPlatforms) = preSolution
		Debug|x64 = Debug|x64
		Debug|x86 = Debug|x86
		Release|x64 = Release|x64
		Release|x86 = Release|x86
	EndGlobalSection
	GlobalSection(ProjectConfigurationPlatforms) = postSolution
		{37BC4162-6167-410A-9E11-FB7BE0216C16}.Debug|x64.ActiveCfg = Debug|x64
		{37BC4162-6167-410A-9E11-FB7BE0216C16}.Debug|x64.Build.0 = Debug|x64
		{37BC4162-6167-410A-9E11-FB7BE0216C16}.Debug|x86.ActiveCfg = Debug|Win32
		{37BC4162-6167-410A-9E11-FB7BE0216C16}.Debug|x86.Build.0 = Debug|Win32
		{37BC4162-6167-410A-9E11-FB7BE0216C16}.Release|x64.ActiveCfg = Release|x64
		{37BC4162-6167-410A-9E11-FB7BE0216C16}.Release|x64.Build.0 = Release|x64
		{37BC4162-6167-410A-9E11-FB7BE0216C16}.Release|x86.ActiveCfg = Release|Win32
		{37BC4162-6167-410A-9E11-FB7BE0216C16}.Release|x86.Build.0 = Release|Win32
	EndGlobalSection
	GlobalSection(SolutionProperties) = preSolution
		HideSolutionNode = FALSE
	EndGlobalSection
	GlobalSection(ExtensibilityGlobals) = postSolution
		SolutionGuid = {21E27247-948C-4A6A-8258-F63598A39DAB}
	EndGlobalSection
EndGlobal
